
Microsoft Visual Studio Solution File, Format Version 12.00
# Visual Studio Version 17
VisualStudioVersion = 17.3.32825.248
MinimumVisualStudioVersion = 10.0.40219.1
Project("{FAE04EC0-301F-11D3-BF4B-00C04F79EFBC}") = "MethodOverloading", "MethodOverloading\MethodOverloading.csproj", "{BC8CAFB4-5D5D-4AF1-B445-2A3A1EFE29C8}"
EndProject
Global
	GlobalSection(SolutionConfigurationPlatforms) = preSolution
		Debug|Any CPU = Debug|Any CPU
		Release|Any CPU = Release|Any CPU
	EndGlobalSection
	GlobalSection(ProjectConfigurationPlatforms) = postSolution
		{BC8CAFB4-5D5D-4AF1-B445-2A3A1EFE29C8}.Debug|Any CPU.ActiveCfg = Debug|Any CPU
		{BC8CAFB4-5D5D-4AF1-B445-2A3A1EFE29C8}.Debug|Any CPU.Build.0 = Debug|Any CPU
		{BC8CAFB4-5D5D-4AF1-B445-2A3A1EFE29C8}.Release|Any CPU.ActiveCfg = Release|Any CPU
		{BC8CAFB4-5D5D-4AF1-B445-2A3A1EFE29C8}.Release|Any CPU.Build.0 = Release|Any CPU
	EndGlobalSection
	GlobalSection(SolutionProperties) = preSolution
		HideSolutionNode = FALSE
	EndGlobalSection
	GlobalSection(ExtensibilityGlobals) = postSolution
		SolutionGuid = {C919213A-D2E5-4FFB-BAD2-380C2A158E86}
	EndGlobalSection
EndGlobal
